
Microsoft Visual Studio Solution File, Format Version 12.00
# Visual Studio 14
VisualStudioVersion = 14.0.25420.1
MinimumVisualStudioVersion = 10.0.40219.1
Project("{FAE04EC0-301F-11D3-BF4B-00C04F79EFBC}") = "PokemonConsole", "PokemonConsole\PokemonConsole.csproj", "{7547EFA4-9240-4AE3-A069-D0C00506990E}"
EndProject
Project("{FAE04EC0-301F-11D3-BF4B-00C04F79EFBC}") = "PokemonBusinessLayer", "PokemonBusinessLayer\PokemonBusinessLayer.csproj", "{AD8987BF-1CD9-4870-B237-9F8435DB837F}"
EndProject
Project("{FAE04EC0-301F-11D3-BF4B-00C04F79EFBC}") = "PokemonDataAccessLayer", "PokemonDataAccessLayer\PokemonDataAccessLayer.csproj", "{EC9CC790-42FB-434A-806C-30F4E09B3923}"
EndProject
Project("{FAE04EC0-301F-11D3-BF4B-00C04F79EFBC}") = "PokemonTournamentEntities", "PokemonTournamentEntities\PokemonTournamentEntities.csproj", "{4574A837-F071-4067-988B-9AF2A5E3D413}"
EndProject
Project("{FAE04EC0-301F-11D3-BF4B-00C04F79EFBC}") = "PokemonTournamentWPF", "PokemonTournamentWPF\PokemonTournamentWPF.csproj", "{2E83E9C3-02D0-464B-B122-8C4363EBF358}"
EndProject
Global
	GlobalSection(SolutionConfigurationPlatforms) = preSolution
		Debug|Any CPU = Debug|Any CPU
		Release|Any CPU = Release|Any CPU
	EndGlobalSection
	GlobalSection(ProjectConfigurationPlatforms) = postSolution
		{7547EFA4-9240-4AE3-A069-D0C00506990E}.Debug|Any CPU.ActiveCfg = Debug|Any CPU
		{7547EFA4-9240-4AE3-A069-D0C00506990E}.Debug|Any CPU.Build.0 = Debug|Any CPU
		{7547EFA4-9240-4AE3-A069-D0C00506990E}.Release|Any CPU.ActiveCfg = Release|Any CPU
		{7547EFA4-9240-4AE3-A069-D0C00506990E}.Release|Any CPU.Build.0 = Release|Any CPU
		{AD8987BF-1CD9-4870-B237-9F8435DB837F}.Debug|Any CPU.ActiveCfg = Debug|Any CPU
		{AD8987BF-1CD9-4870-B237-9F8435DB837F}.Debug|Any CPU.Build.0 = Debug|Any CPU
		{AD8987BF-1CD9-4870-B237-9F8435DB837F}.Release|Any CPU.ActiveCfg = Release|Any CPU
		{AD8987BF-1CD9-4870-B237-9F8435DB837F}.Release|Any CPU.Build.0 = Release|Any CPU
		{EC9CC790-42FB-434A-806C-30F4E09B3923}.Debug|Any CPU.ActiveCfg = Debug|Any CPU
		{EC9CC790-42FB-434A-806C-30F4E09B3923}.Debug|Any CPU.Build.0 = Debug|Any CPU
		{EC9CC790-42FB-434A-806C-30F4E09B3923}.Release|Any CPU.ActiveCfg = Release|Any CPU
		{EC9CC790-42FB-434A-806C-30F4E09B3923}.Release|Any CPU.Build.0 = Release|Any CPU
		{4574A837-F071-4067-988B-9AF2A5E3D413}.Debug|Any CPU.ActiveCfg = Debug|Any CPU
		{4574A837-F071-4067-988B-9AF2A5E3D413}.Debug|Any CPU.Build.0 = Debug|Any CPU
		{4574A837-F071-4067-988B-9AF2A5E3D413}.Release|Any CPU.ActiveCfg = Release|Any CPU
		{4574A837-F071-4067-988B-9AF2A5E3D413}.Release|Any CPU.Build.0 = Release|Any CPU
		{2E83E9C3-02D0-464B-B122-8C4363EBF358}.Debug|Any CPU.ActiveCfg = Debug|Any CPU
		{2E83E9C3-02D0-464B-B122-8C4363EBF358}.Debug|Any CPU.Build.0 = Debug|Any CPU
		{2E83E9C3-02D0-464B-B122-8C4363EBF358}.Release|Any CPU.ActiveCfg = Release|Any CPU
		{2E83E9C3-02D0-464B-B122-8C4363EBF358}.Release|Any CPU.Build.0 = Release|Any CPU
	EndGlobalSection
	GlobalSection(SolutionProperties) = preSolution
		HideSolutionNode = FALSE
	EndGlobalSection
EndGlobal
